
Microsoft Visual Studio Solution File, Format Version 12.00
# Visual Studio Version 16
VisualStudioVersion = 16.0.31624.102
MinimumVisualStudioVersion = 10.0.40219.1
Project("{FAE04EC0-301F-11D3-BF4B-00C04F79EFBC}") = "PasswordHelper", "PasswordHelper\PasswordHelper.csproj", "{322EE3E7-955C-4C5B-ADCF-3348F3E741B3}"
EndProject
Global
	GlobalSection(SolutionConfigurationPlatforms) = preSolution
		Debug|Any CPU = Debug|Any CPU
		Release|Any CPU = Release|Any CPU
	EndGlobalSection
	GlobalSection(ProjectConfigurationPlatforms) = postSolution
		{322EE3E7-955C-4C5B-ADCF-3348F3E741B3}.Debug|Any CPU.ActiveCfg = Debug|Any CPU
		{322EE3E7-955C-4C5B-ADCF-3348F3E741B3}.Debug|Any CPU.Build.0 = Debug|Any CPU
		{322EE3E7-955C-4C5B-ADCF-3348F3E741B3}.Release|Any CPU.ActiveCfg = Release|Any CPU
		{322EE3E7-955C-4C5B-ADCF-3348F3E741B3}.Release|Any CPU.Build.0 = Release|Any CPU
	EndGlobalSection
	GlobalSection(SolutionProperties) = preSolution
		HideSolutionNode = FALSE
	EndGlobalSection
	GlobalSection(ExtensibilityGlobals) = postSolution
		SolutionGuid = {F56123AB-26E3-4422-85AC-130D5FCBF887}
	EndGlobalSection
EndGlobal
